
Microsoft Visual Studio Solution File, Format Version 12.00
# Visual Studio 15
VisualStudioVersion = 15.0.27004.2009
MinimumVisualStudioVersion = 10.0.40219.1
Project("{2150E333-8FDC-42A3-9474-1A3956D46DE8}") = "1-Core", "1-Core", "{FF1D8565-F86E-42F2-B778-4DD65B813A7C}"
EndProject
Project("{FAE04EC0-301F-11D3-BF4B-00C04F79EFBC}") = "NBT.Core.Domains", "NBT.Core.Domain\NBT.Core.Domains.csproj", "{E3A4AA22-C7AA-47C2-8EDD-249227069DF9}"
EndProject
Project("{FAE04EC0-301F-11D3-BF4B-00C04F79EFBC}") = "NBT.Core.Services", "NBT.Core.Services\NBT.Core.Services.csproj", "{93F86047-1F76-4F27-9489-AC88BF8C6C9E}"
EndProject
Project("{FAE04EC0-301F-11D3-BF4B-00C04F79EFBC}") = "NBT.Core.Datas", "NBT.Core.Datas\NBT.Core.Datas.csproj", "{FB4B6B11-8DF3-4DF3-BF6D-834D5AA1EABD}"
EndProject
Project("{2150E333-8FDC-42A3-9474-1A3956D46DE8}") = "2-Infra", "2-Infra", "{650C741E-2AC7-41A6-9CC5-0AF4457BC0A8}"
EndProject
Project("{FAE04EC0-301F-11D3-BF4B-00C04F79EFBC}") = "NBT.Infra.Services", "NBT.Infra.Services\NBT.Infra.Services.csproj", "{A0730F4F-18A6-469D-A6AA-76E172D97670}"
EndProject
Project("{2150E333-8FDC-42A3-9474-1A3956D46DE8}") = "3-Presentation", "3-Presentation", "{C4854862-E1E6-4538-858E-B3A332EBE526}"
EndProject
Project("{FAE04EC0-301F-11D3-BF4B-00C04F79EFBC}") = "NBT.Web.Api", "NBT.Web.Api\NBT.Web.Api.csproj", "{F10E9191-504B-46D1-9DAF-1BD1F97B5E47}"
EndProject
Project("{FAE04EC0-301F-11D3-BF4B-00C04F79EFBC}") = "NBT.Web", "NBT.Web\NBT.Web.csproj", "{4480BC48-E161-4CC0-B87E-4B83EE41547C}"
EndProject
Project("{FAE04EC0-301F-11D3-BF4B-00C04F79EFBC}") = "NBT.Infra.Commons", "NBT.Infra.Commons\NBT.Infra.Commons.csproj", "{D252676C-460B-44F4-B2E8-3A37AA1955B2}"
EndProject
Project("{FAE04EC0-301F-11D3-BF4B-00C04F79EFBC}") = "NBT.Web.Framework", "NBT.Web.Framework\NBT.Web.Framework.csproj", "{2DAC04D6-ABD9-478B-AA8E-8BDFF5EFCB23}"
EndProject
Project("{FAE04EC0-301F-11D3-BF4B-00C04F79EFBC}") = "NBT.Core.Common", "NBT.Core.Common\NBT.Core.Common.csproj", "{61FD5F52-E887-471E-B4BD-08999824568B}"
EndProject
Global
	GlobalSection(SolutionConfigurationPlatforms) = preSolution
		Debug|Any CPU = Debug|Any CPU
		Release|Any CPU = Release|Any CPU
	EndGlobalSection
	GlobalSection(ProjectConfigurationPlatforms) = postSolution
		{E3A4AA22-C7AA-47C2-8EDD-249227069DF9}.Debug|Any CPU.ActiveCfg = Debug|Any CPU
		{E3A4AA22-C7AA-47C2-8EDD-249227069DF9}.Debug|Any CPU.Build.0 = Debug|Any CPU
		{E3A4AA22-C7AA-47C2-8EDD-249227069DF9}.Release|Any CPU.ActiveCfg = Release|Any CPU
		{E3A4AA22-C7AA-47C2-8EDD-249227069DF9}.Release|Any CPU.Build.0 = Release|Any CPU
		{93F86047-1F76-4F27-9489-AC88BF8C6C9E}.Debug|Any CPU.ActiveCfg = Debug|Any CPU
		{93F86047-1F76-4F27-9489-AC88BF8C6C9E}.Debug|Any CPU.Build.0 = Debug|Any CPU
		{93F86047-1F76-4F27-9489-AC88BF8C6C9E}.Release|Any CPU.ActiveCfg = Release|Any CPU
		{93F86047-1F76-4F27-9489-AC88BF8C6C9E}.Release|Any CPU.Build.0 = Release|Any CPU
		{FB4B6B11-8DF3-4DF3-BF6D-834D5AA1EABD}.Debug|Any CPU.ActiveCfg = Debug|Any CPU
		{FB4B6B11-8DF3-4DF3-BF6D-834D5AA1EABD}.Debug|Any CPU.Build.0 = Debug|Any CPU
		{FB4B6B11-8DF3-4DF3-BF6D-834D5AA1EABD}.Release|Any CPU.ActiveCfg = Release|Any CPU
		{FB4B6B11-8DF3-4DF3-BF6D-834D5AA1EABD}.Release|Any CPU.Build.0 = Release|Any CPU
		{A0730F4F-18A6-469D-A6AA-76E172D97670}.Debug|Any CPU.ActiveCfg = Debug|Any CPU
		{A0730F4F-18A6-469D-A6AA-76E172D97670}.Debug|Any CPU.Build.0 = Debug|Any CPU
		{A0730F4F-18A6-469D-A6AA-76E172D97670}.Release|Any CPU.ActiveCfg = Release|Any CPU
		{A0730F4F-18A6-469D-A6AA-76E172D97670}.Release|Any CPU.Build.0 = Release|Any CPU
		{F10E9191-504B-46D1-9DAF-1BD1F97B5E47}.Debug|Any CPU.ActiveCfg = Debug|Any CPU
		{F10E9191-504B-46D1-9DAF-1BD1F97B5E47}.Debug|Any CPU.Build.0 = Debug|Any CPU
		{F10E9191-504B-46D1-9DAF-1BD1F97B5E47}.Release|Any CPU.ActiveCfg = Release|Any CPU
		{F10E9191-504B-46D1-9DAF-1BD1F97B5E47}.Release|Any CPU.Build.0 = Release|Any CPU
		{4480BC48-E161-4CC0-B87E-4B83EE41547C}.Debug|Any CPU.ActiveCfg = Debug|Any CPU
		{4480BC48-E161-4CC0-B87E-4B83EE41547C}.Debug|Any CPU.Build.0 = Debug|Any CPU
		{4480BC48-E161-4CC0-B87E-4B83EE41547C}.Release|Any CPU.ActiveCfg = Release|Any CPU
		{4480BC48-E161-4CC0-B87E-4B83EE41547C}.Release|Any CPU.Build.0 = Release|Any CPU
		{D252676C-460B-44F4-B2E8-3A37AA1955B2}.Debug|Any CPU.ActiveCfg = Debug|Any CPU
		{D252676C-460B-44F4-B2E8-3A37AA1955B2}.Debug|Any CPU.Build.0 = Debug|Any CPU
		{D252676C-460B-44F4-B2E8-3A37AA1955B2}.Release|Any CPU.ActiveCfg = Release|Any CPU
		{D252676C-460B-44F4-B2E8-3A37AA1955B2}.Release|Any CPU.Build.0 = Release|Any CPU
		{2DAC04D6-ABD9-478B-AA8E-8BDFF5EFCB23}.Debug|Any CPU.ActiveCfg = Debug|Any CPU
		{2DAC04D6-ABD9-478B-AA8E-8BDFF5EFCB23}.Debug|Any CPU.Build.0 = Debug|Any CPU
		{2DAC04D6-ABD9-478B-AA8E-8BDFF5EFCB23}.Release|Any CPU.ActiveCfg = Release|Any CPU
		{2DAC04D6-ABD9-478B-AA8E-8BDFF5EFCB23}.Release|Any CPU.Build.0 = Release|Any CPU
		{61FD5F52-E887-471E-B4BD-08999824568B}.Debug|Any CPU.ActiveCfg = Debug|Any CPU
		{61FD5F52-E887-471E-B4BD-08999824568B}.Debug|Any CPU.Build.0 = Debug|Any CPU
		{61FD5F52-E887-471E-B4BD-08999824568B}.Release|Any CPU.ActiveCfg = Release|Any CPU
		{61FD5F52-E887-471E-B4BD-08999824568B}.Release|Any CPU.Build.0 = Release|Any CPU
	EndGlobalSection
	GlobalSection(SolutionProperties) = preSolution
		HideSolutionNode = FALSE
	EndGlobalSection
	GlobalSection(NestedProjects) = preSolution
		{E3A4AA22-C7AA-47C2-8EDD-249227069DF9} = {FF1D8565-F86E-42F2-B778-4DD65B813A7C}
		{93F86047-1F76-4F27-9489-AC88BF8C6C9E} = {FF1D8565-F86E-42F2-B778-4DD65B813A7C}
		{FB4B6B11-8DF3-4DF3-BF6D-834D5AA1EABD} = {FF1D8565-F86E-42F2-B778-4DD65B813A7C}
		{A0730F4F-18A6-469D-A6AA-76E172D97670} = {650C741E-2AC7-41A6-9CC5-0AF4457BC0A8}
		{F10E9191-504B-46D1-9DAF-1BD1F97B5E47} = {C4854862-E1E6-4538-858E-B3A332EBE526}
		{4480BC48-E161-4CC0-B87E-4B83EE41547C} = {C4854862-E1E6-4538-858E-B3A332EBE526}
		{D252676C-460B-44F4-B2E8-3A37AA1955B2} = {650C741E-2AC7-41A6-9CC5-0AF4457BC0A8}
		{2DAC04D6-ABD9-478B-AA8E-8BDFF5EFCB23} = {C4854862-E1E6-4538-858E-B3A332EBE526}
		{61FD5F52-E887-471E-B4BD-08999824568B} = {FF1D8565-F86E-42F2-B778-4DD65B813A7C}
	EndGlobalSection
	GlobalSection(ExtensibilityGlobals) = postSolution
		SolutionGuid = {CD548D24-68A1-45D6-9852-B91140B6CFC5}
	EndGlobalSection
EndGlobal
